
Microsoft Visual Studio Solution File, Format Version 12.00
# Visual Studio Version 17
VisualStudioVersion = 17.10.35013.160
MinimumVisualStudioVersion = 10.0.40219.1
Project("{FAE04EC0-301F-11D3-BF4B-00C04F79EFBC}") = "GiftVote.Data", "GiftVote\GiftVote.Data.csproj", "{7AC42CD4-971A-4CC9-9A68-063E6515B76F}"
EndProject
Project("{FAE04EC0-301F-11D3-BF4B-00C04F79EFBC}") = "GiftVote.BLL", "GiftVote.BLL\GiftVote.BLL.csproj", "{0A3D25BA-E6D3-425D-A519-EFBB7F76E4E8}"
EndProject
Project("{FAE04EC0-301F-11D3-BF4B-00C04F79EFBC}") = "GiftVote.Presentation", "GiftVote.Presentation\GiftVote.Presentation.csproj", "{877B5364-D20E-42DB-9A1A-F59448BDD01B}"
EndProject
Project("{2150E333-8FDC-42A3-9474-1A3956D46DE8}") = "Solution items", "Solution items", "{8F925DEC-F1A4-4BD7-831C-BFD74EFACBD2}"
	ProjectSection(SolutionItems) = preProject
		docker-compose.yml = docker-compose.yml
	EndProjectSection
EndProject
Global
	GlobalSection(SolutionConfigurationPlatforms) = preSolution
		Debug|Any CPU = Debug|Any CPU
		Release|Any CPU = Release|Any CPU
	EndGlobalSection
	GlobalSection(ProjectConfigurationPlatforms) = postSolution
		{7AC42CD4-971A-4CC9-9A68-063E6515B76F}.Debug|Any CPU.ActiveCfg = Debug|Any CPU
		{7AC42CD4-971A-4CC9-9A68-063E6515B76F}.Debug|Any CPU.Build.0 = Debug|Any CPU
		{7AC42CD4-971A-4CC9-9A68-063E6515B76F}.Release|Any CPU.ActiveCfg = Release|Any CPU
		{7AC42CD4-971A-4CC9-9A68-063E6515B76F}.Release|Any CPU.Build.0 = Release|Any CPU
		{0A3D25BA-E6D3-425D-A519-EFBB7F76E4E8}.Debug|Any CPU.ActiveCfg = Debug|Any CPU
		{0A3D25BA-E6D3-425D-A519-EFBB7F76E4E8}.Debug|Any CPU.Build.0 = Debug|Any CPU
		{0A3D25BA-E6D3-425D-A519-EFBB7F76E4E8}.Release|Any CPU.ActiveCfg = Release|Any CPU
		{0A3D25BA-E6D3-425D-A519-EFBB7F76E4E8}.Release|Any CPU.Build.0 = Release|Any CPU
		{877B5364-D20E-42DB-9A1A-F59448BDD01B}.Debug|Any CPU.ActiveCfg = Debug|Any CPU
		{877B5364-D20E-42DB-9A1A-F59448BDD01B}.Debug|Any CPU.Build.0 = Debug|Any CPU
		{877B5364-D20E-42DB-9A1A-F59448BDD01B}.Release|Any CPU.ActiveCfg = Release|Any CPU
		{877B5364-D20E-42DB-9A1A-F59448BDD01B}.Release|Any CPU.Build.0 = Release|Any CPU
	EndGlobalSection
	GlobalSection(SolutionProperties) = preSolution
		HideSolutionNode = FALSE
	EndGlobalSection
	GlobalSection(ExtensibilityGlobals) = postSolution
		SolutionGuid = {A59963ED-299B-430B-B78B-081235EE232B}
	EndGlobalSection
EndGlobal
